{
  "requires": true,
  "lockfileVersion": 1,
  "dependencies": {
    "date-fns": {
      "version": "1.28.5",
      "resolved": "https://registry.npmjs.org/date-fns/-/date-fns-1.28.5.tgz",
      "integrity": "sha1-JXz8RdMi30XvVlhmWWfuhBzXP68="
    },
    "ng-pick-datetime": {
      "version": "5.0.0-beta.6",
      "resolved": "https://registry.npmjs.org/ng-pick-datetime/-/ng-pick-datetime-5.0.0-beta.6.tgz",
      "integrity": "sha1-5OSBU7yDhQCGUO3gnygM4GeT/ps=",
      "requires": {
        "date-fns": "1.28.5"
      }
    }
  }
}
